
Microsoft Visual Studio Solution File, Format Version 12.00
# Visual Studio Version 17
VisualStudioVersion = 17.14.36109.1 d17.14
MinimumVisualStudioVersion = 10.0.40219.1
Project("{FAE04EC0-301F-11D3-BF4B-00C04F79EFBC}") = "ExirDownloader", "ExirDownloader.csproj", "{F6126A8E-3E0E-4D7E-A3BD-46AC3926CCCA}"
EndProject
Global
	GlobalSection(SolutionConfigurationPlatforms) = preSolution
		Debug|Any CPU = Debug|Any CPU
		Release|Any CPU = Release|Any CPU
	EndGlobalSection
	GlobalSection(ProjectConfigurationPlatforms) = postSolution
		{F6126A8E-3E0E-4D7E-A3BD-46AC3926CCCA}.Debug|Any CPU.ActiveCfg = Debug|Any CPU
		{F6126A8E-3E0E-4D7E-A3BD-46AC3926CCCA}.Debug|Any CPU.Build.0 = Debug|Any CPU
		{F6126A8E-3E0E-4D7E-A3BD-46AC3926CCCA}.Release|Any CPU.ActiveCfg = Release|Any CPU
		{F6126A8E-3E0E-4D7E-A3BD-46AC3926CCCA}.Release|Any CPU.Build.0 = Release|Any CPU
	EndGlobalSection
	GlobalSection(SolutionProperties) = preSolution
		HideSolutionNode = FALSE
	EndGlobalSection
	GlobalSection(ExtensibilityGlobals) = postSolution
		SolutionGuid = {FA7CB8FF-0C31-42CE-B6BC-4F266787C044}
	EndGlobalSection
EndGlobal
